# THIS IS AN AUTOGENERATED FILE. DO NOT EDIT THIS FILE DIRECTLY.
# yarn lockfile v1


classnames@^2.2.3:
  version "2.2.6"
  resolved "https://registry.yarnpkg.com/classnames/-/classnames-2.2.6.tgz#43935bffdd291f326dad0a205309b38d00f650ce"
  integrity sha512-JR/iSQOSt+LQIWwrwEzJ9uk0xfN3mTVYMwt1Ir5mUcSN6pU+V4zQFFaJsclJbPuAUQH+yfWef6tm7l1quW3C8Q==

react-dropdown@^1.6.4:
  version "1.6.4"
  resolved "https://registry.yarnpkg.com/react-dropdown/-/react-dropdown-1.6.4.tgz#8dce141bb26fb6b3c3696d16e06f4517728c57f4"
  integrity sha512-zTlNRZ6vzjEPsodBNgh6Xjp9IempEx9sReH3crT2Jw4S6KW2wS/BRIH3d/grYf/iXARadDRD91//uUCs9yjoLg==
  dependencies:
    classnames "^2.2.3"
